
Microsoft Visual Studio Solution File, Format Version 12.00
# Visual Studio Version 17
VisualStudioVersion = 17.12.35707.178 d17.12
MinimumVisualStudioVersion = 10.0.40219.1
Project("{FAE04EC0-301F-11D3-BF4B-00C04F79EFBC}") = "UserRegistration", "UserRegistration.csproj", "{B7B8E69A-4E7D-4549-BB6C-BF5F18852431}"
EndProject
Project("{FAE04EC0-301F-11D3-BF4B-00C04F79EFBC}") = "BusinessLayer", "..\BusinessLayer\BusinessLayer.csproj", "{04FF1480-C98B-4064-AAAB-AFDBCB64B750}"
EndProject
Project("{FAE04EC0-301F-11D3-BF4B-00C04F79EFBC}") = "RepositoryLayer", "..\RepositoryLayer\RepositoryLayer.csproj", "{5478BFFD-9245-4B6F-A446-C0468DC52962}"
EndProject
Global
	GlobalSection(SolutionConfigurationPlatforms) = preSolution
		Debug|Any CPU = Debug|Any CPU
		Release|Any CPU = Release|Any CPU
	EndGlobalSection
	GlobalSection(ProjectConfigurationPlatforms) = postSolution
		{B7B8E69A-4E7D-4549-BB6C-BF5F18852431}.Debug|Any CPU.ActiveCfg = Debug|Any CPU
		{B7B8E69A-4E7D-4549-BB6C-BF5F18852431}.Debug|Any CPU.Build.0 = Debug|Any CPU
		{B7B8E69A-4E7D-4549-BB6C-BF5F18852431}.Release|Any CPU.ActiveCfg = Release|Any CPU
		{B7B8E69A-4E7D-4549-BB6C-BF5F18852431}.Release|Any CPU.Build.0 = Release|Any CPU
		{04FF1480-C98B-4064-AAAB-AFDBCB64B750}.Debug|Any CPU.ActiveCfg = Debug|Any CPU
		{04FF1480-C98B-4064-AAAB-AFDBCB64B750}.Debug|Any CPU.Build.0 = Debug|Any CPU
		{04FF1480-C98B-4064-AAAB-AFDBCB64B750}.Release|Any CPU.ActiveCfg = Release|Any CPU
		{04FF1480-C98B-4064-AAAB-AFDBCB64B750}.Release|Any CPU.Build.0 = Release|Any CPU
		{5478BFFD-9245-4B6F-A446-C0468DC52962}.Debug|Any CPU.ActiveCfg = Debug|Any CPU
		{5478BFFD-9245-4B6F-A446-C0468DC52962}.Debug|Any CPU.Build.0 = Debug|Any CPU
		{5478BFFD-9245-4B6F-A446-C0468DC52962}.Release|Any CPU.ActiveCfg = Release|Any CPU
		{5478BFFD-9245-4B6F-A446-C0468DC52962}.Release|Any CPU.Build.0 = Release|Any CPU
	EndGlobalSection
	GlobalSection(SolutionProperties) = preSolution
		HideSolutionNode = FALSE
	EndGlobalSection
EndGlobal
